# This file is automatically @generated by Cargo.
# It is not intended for manual editing.
[[package]]
name = "adler32"
version = "1.2.0"
source = "registry+https://github.com/rust-lang/crates.io-index"
checksum = "aae1277d39aeec15cb388266ecc24b11c80469deae6067e17a1a7aa9e5c1f234"

[[package]]
name = "autocfg"
version = "1.0.1"
source = "registry+https://github.com/rust-lang/crates.io-index"
checksum = "cdb031dd78e28731d87d56cc8ffef4a8f36ca26c38fe2de700543e627f8a464a"

[[package]]
name = "bincode"
version = "1.3.1"
source = "registry+https://github.com/rust-lang/crates.io-index"
checksum = "f30d3a39baa26f9651f17b375061f3233dde33424a8b72b0dbe93a68a0bc896d"
dependencies = [
 "byteorder",
 "serde",
]

[[package]]
name = "bitflags"
version = "1.2.1"
source = "registry+https://github.com/rust-lang/crates.io-index"
checksum = "cf1de2fe8c75bc145a2f577add951f8134889b4795d47466a54a5c846d691693"

[[package]]
name = "byteorder"
version = "1.4.2"
source = "registry+https://github.com/rust-lang/crates.io-index"
checksum = "ae44d1a3d5a19df61dd0c8beb138458ac2a53a7ac09eba97d55592540004306b"

[[package]]
name = "camera_capture"
version = "0.5.0"
source = "registry+https://github.com/rust-lang/crates.io-index"
checksum = "180f688f81d64082c8bb9638e16dad46931c80625d56f891a511610987351fc2"
dependencies = [
 "escapi",
 "image",
 "lazy_static 0.2.11",
 "pkg-config",
 "rscam",
]

[[package]]
name = "cassowary"
version = "0.3.0"
source = "registry+https://github.com/rust-lang/crates.io-index"
checksum = "df8670b8c7b9dae1793364eafadf7239c40d669904660c5960d74cfd80b46a53"

[[package]]
name = "cfg-if"
version = "1.0.0"
source = "registry+https://github.com/rust-lang/crates.io-index"
checksum = "baf1de4339761588bc0619e3cbc0120ee582ebb74b53b4efbf79117bd2da40fd"

[[package]]
name = "chrono"
version = "0.4.19"
source = "registry+https://github.com/rust-lang/crates.io-index"
checksum = "670ad68c9088c2a963aaa298cb369688cf3f9465ce5e2d4ca10e6e0098a1ce73"
dependencies = [
 "libc",
 "num-integer",
 "num-traits 0.2.14",
 "serde",
 "time",
 "winapi 0.3.9",
]

[[package]]
name = "color_quant"
version = "1.1.0"
source = "registry+https://github.com/rust-lang/crates.io-index"
checksum = "3d7b894f5411737b7867f4827955924d7c254fc9f4d91a6aad6b097804b1018b"

[[package]]
name = "const_fn"
version = "0.4.5"
source = "registry+https://github.com/rust-lang/crates.io-index"
checksum = "28b9d6de7f49e22cf97ad17fc4036ece69300032f45f78f30b4a4482cdc3f4a6"

[[package]]
name = "crossbeam-channel"
version = "0.5.0"
source = "registry+https://github.com/rust-lang/crates.io-index"
checksum = "dca26ee1f8d361640700bde38b2c37d8c22b3ce2d360e1fc1c74ea4b0aa7d775"
dependencies = [
 "cfg-if",
 "crossbeam-utils",
]

[[package]]
name = "crossbeam-deque"
version = "0.8.0"
source = "registry+https://github.com/rust-lang/crates.io-index"
checksum = "94af6efb46fef72616855b036a624cf27ba656ffc9be1b9a3c931cfc7749a9a9"
dependencies = [
 "cfg-if",
 "crossbeam-epoch",
 "crossbeam-utils",
]

[[package]]
name = "crossbeam-epoch"
version = "0.9.1"
source = "registry+https://github.com/rust-lang/crates.io-index"
checksum = "a1aaa739f95311c2c7887a76863f500026092fb1dce0161dab577e559ef3569d"
dependencies = [
 "cfg-if",
 "const_fn",
 "crossbeam-utils",
 "lazy_static 1.4.0",
 "memoffset",
 "scopeguard",
]

[[package]]
name = "crossbeam-utils"
version = "0.8.1"
source = "registry+https://github.com/rust-lang/crates.io-index"
checksum = "02d96d1e189ef58269ebe5b97953da3274d83a93af647c2ddd6f9dab28cedb8d"
dependencies = [
 "autocfg",
 "cfg-if",
 "lazy_static 1.4.0",
]

[[package]]
name = "crossterm"
version = "0.18.2"
source = "registry+https://github.com/rust-lang/crates.io-index"
checksum = "4e86d73f2a0b407b5768d10a8c720cf5d2df49a9efc10ca09176d201ead4b7fb"
dependencies = [
 "bitflags",
 "crossterm_winapi 0.6.2",
 "lazy_static 1.4.0",
 "libc",
 "mio",
 "parking_lot",
 "signal-hook",
 "winapi 0.3.9",
]

[[package]]
name = "crossterm"
version = "0.19.0"
source = "registry+https://github.com/rust-lang/crates.io-index"
checksum = "7c36c10130df424b2f3552fcc2ddcd9b28a27b1e54b358b45874f88d1ca6888c"
dependencies = [
 "bitflags",
 "crossterm_winapi 0.7.0",
 "lazy_static 1.4.0",
 "libc",
 "mio",
 "parking_lot",
 "signal-hook",
 "winapi 0.3.9",
]

[[package]]
name = "crossterm_winapi"
version = "0.6.2"
source = "registry+https://github.com/rust-lang/crates.io-index"
checksum = "c2265c3f8e080075d9b6417aa72293fc71662f34b4af2612d8d1b074d29510db"
dependencies = [
 "winapi 0.3.9",
]

[[package]]
name = "crossterm_winapi"
version = "0.7.0"
source = "registry+https://github.com/rust-lang/crates.io-index"
checksum = "0da8964ace4d3e4a044fd027919b2237000b24315a37c916f61809f1ff2140b9"
dependencies = [
 "winapi 0.3.9",
]

[[package]]
name = "deflate"
version = "0.7.20"
source = "registry+https://github.com/rust-lang/crates.io-index"
checksum = "707b6a7b384888a70c8d2e8650b3e60170dfc6a67bb4aa67b6dfca57af4bedb4"
dependencies = [
 "adler32",
 "byteorder",
]

[[package]]
name = "either"
version = "1.6.1"
source = "registry+https://github.com/rust-lang/crates.io-index"
checksum = "e78d4f1cc4ae33bbfc157ed5d5a5ef3bc29227303d595861deb238fcec4e9457"

[[package]]
name = "enum_primitive"
version = "0.1.1"
source = "registry+https://github.com/rust-lang/crates.io-index"
checksum = "be4551092f4d519593039259a9ed8daedf0da12e5109c5280338073eaeb81180"
dependencies = [
 "num-traits 0.1.43",
]

[[package]]
name = "escapi"
version = "3.0.5"
source = "registry+https://github.com/rust-lang/crates.io-index"
checksum = "04c445687f8d9d1c801ac5c9cbc7d0ca4072af74e3bbccc4f963c5d990a3209a"
dependencies = [
 "gcc",
 "kernel32-sys",
 "libc",
 "winapi 0.2.8",
]

[[package]]
name = "gcc"
version = "0.3.55"
source = "registry+https://github.com/rust-lang/crates.io-index"
checksum = "8f5f3913fa0bfe7ee1fd8248b6b9f42a5af4b9d65ec2dd2c3c26132b950ecfc2"

[[package]]
name = "gif"
version = "0.9.2"
source = "registry+https://github.com/rust-lang/crates.io-index"
checksum = "e2e41945ba23db3bf51b24756d73d81acb4f28d85c3dccc32c6fae904438c25f"
dependencies = [
 "color_quant",
 "lzw",
]

[[package]]
name = "hermit-abi"
version = "0.1.18"
source = "registry+https://github.com/rust-lang/crates.io-index"
checksum = "322f4de77956e22ed0e5032c359a0f1273f1f7f0d79bfa3b8ffbc730d7fbcc5c"
dependencies = [
 "libc",
]

[[package]]
name = "image"
version = "0.17.0"
source = "registry+https://github.com/rust-lang/crates.io-index"
checksum = "d1576ffa01849c91b484b95c01d54dddc242b4d50923eaa2d4d74a58c4b9e8fd"
dependencies = [
 "byteorder",
 "enum_primitive",
 "gif",
 "jpeg-decoder",
 "num-iter",
 "num-rational",
 "num-traits 0.1.43",
 "png",
 "scoped_threadpool",
]

[[package]]
name = "inflate"
version = "0.3.4"
source = "registry+https://github.com/rust-lang/crates.io-index"
checksum = "f5f9f47468e9a76a6452271efadc88fe865a82be91fe75e6c0c57b87ccea59d4"
dependencies = [
 "adler32",
]

[[package]]
name = "instant"
version = "0.1.9"
source = "registry+https://github.com/rust-lang/crates.io-index"
checksum = "61124eeebbd69b8190558df225adf7e4caafce0d743919e5d6b19652314ec5ec"
dependencies = [
 "cfg-if",
]

[[package]]
name = "jpeg-decoder"
version = "0.1.20"
source = "registry+https://github.com/rust-lang/crates.io-index"
checksum = "cc797adac5f083b8ff0ca6f6294a999393d76e197c36488e2ef732c4715f6fa3"
dependencies = [
 "byteorder",
 "rayon",
]

[[package]]
name = "kernel32-sys"
version = "0.2.2"
source = "registry+https://github.com/rust-lang/crates.io-index"
checksum = "7507624b29483431c0ba2d82aece8ca6cdba9382bff4ddd0f7490560c056098d"
dependencies = [
 "winapi 0.2.8",
 "winapi-build",
]

[[package]]
name = "lazy_static"
version = "0.2.11"
source = "registry+https://github.com/rust-lang/crates.io-index"
checksum = "76f033c7ad61445c5b347c7382dd1237847eb1bce590fe50365dcb33d546be73"

[[package]]
name = "lazy_static"
version = "1.4.0"
source = "registry+https://github.com/rust-lang/crates.io-index"
checksum = "e2abad23fbc42b3700f2f279844dc832adb2b2eb069b2df918f455c4e18cc646"

[[package]]
name = "libc"
version = "0.2.82"
source = "registry+https://github.com/rust-lang/crates.io-index"
checksum = "89203f3fba0a3795506acaad8ebce3c80c0af93f994d5a1d7a0b1eeb23271929"

[[package]]
name = "lock_api"
version = "0.4.2"
source = "registry+https://github.com/rust-lang/crates.io-index"
checksum = "dd96ffd135b2fd7b973ac026d28085defbe8983df057ced3eb4f2130b0831312"
dependencies = [
 "scopeguard",
]

[[package]]
name = "log"
version = "0.4.14"
source = "registry+https://github.com/rust-lang/crates.io-index"
checksum = "51b9bbe6c47d51fc3e1a9b945965946b4c44142ab8792c50835a980d362c2710"
dependencies = [
 "cfg-if",
]

[[package]]
name = "lzw"
version = "0.10.0"
source = "registry+https://github.com/rust-lang/crates.io-index"
checksum = "7d947cbb889ed21c2a84be6ffbaebf5b4e0f4340638cba0444907e38b56be084"

[[package]]
name = "memoffset"
version = "0.6.1"
source = "registry+https://github.com/rust-lang/crates.io-index"
checksum = "157b4208e3059a8f9e78d559edc658e13df41410cb3ae03979c83130067fdd87"
dependencies = [
 "autocfg",
]

[[package]]
name = "mio"
version = "0.7.7"
source = "registry+https://github.com/rust-lang/crates.io-index"
checksum = "e50ae3f04d169fcc9bde0b547d1c205219b7157e07ded9c5aff03e0637cb3ed7"
dependencies = [
 "libc",
 "log",
 "miow",
 "ntapi",
 "winapi 0.3.9",
]

[[package]]
name = "miow"
version = "0.3.6"
source = "registry+https://github.com/rust-lang/crates.io-index"
checksum = "5a33c1b55807fbed163481b5ba66db4b2fa6cde694a5027be10fb724206c5897"
dependencies = [
 "socket2",
 "winapi 0.3.9",
]

[[package]]
name = "ntapi"
version = "0.3.6"
source = "registry+https://github.com/rust-lang/crates.io-index"
checksum = "3f6bb902e437b6d86e03cce10a7e2af662292c5dfef23b65899ea3ac9354ad44"
dependencies = [
 "winapi 0.3.9",
]

[[package]]
name = "num-integer"
version = "0.1.44"
source = "registry+https://github.com/rust-lang/crates.io-index"
checksum = "d2cc698a63b549a70bc047073d2949cce27cd1c7b0a4a862d08a8031bc2801db"
dependencies = [
 "autocfg",
 "num-traits 0.2.14",
]

[[package]]
name = "num-iter"
version = "0.1.42"
source = "registry+https://github.com/rust-lang/crates.io-index"
checksum = "b2021c8337a54d21aca0d59a92577a029af9431cb59b909b03252b9c164fad59"
dependencies = [
 "autocfg",
 "num-integer",
 "num-traits 0.2.14",
]

[[package]]
name = "num-rational"
version = "0.1.42"
source = "registry+https://github.com/rust-lang/crates.io-index"
checksum = "ee314c74bd753fc86b4780aa9475da469155f3848473a261d2d18e35245a784e"
dependencies = [
 "num-integer",
 "num-traits 0.2.14",
]

[[package]]
name = "num-traits"
version = "0.1.43"
source = "registry+https://github.com/rust-lang/crates.io-index"
checksum = "92e5113e9fd4cc14ded8e499429f396a20f98c772a47cc8622a736e1ec843c31"
dependencies = [
 "num-traits 0.2.14",
]

[[package]]
name = "num-traits"
version = "0.2.14"
source = "registry+https://github.com/rust-lang/crates.io-index"
checksum = "9a64b1ec5cda2586e284722486d802acf1f7dbdc623e2bfc57e65ca1cd099290"
dependencies = [
 "autocfg",
]

[[package]]
name = "num_cpus"
version = "1.13.0"
source = "registry+https://github.com/rust-lang/crates.io-index"
checksum = "05499f3756671c15885fee9034446956fff3f243d6077b91e5767df161f766b3"
dependencies = [
 "hermit-abi",
 "libc",
]

[[package]]
name = "parking_lot"
version = "0.11.1"
source = "registry+https://github.com/rust-lang/crates.io-index"
checksum = "6d7744ac029df22dca6284efe4e898991d28e3085c706c972bcd7da4a27a15eb"
dependencies = [
 "instant",
 "lock_api",
 "parking_lot_core",
]

[[package]]
name = "parking_lot_core"
version = "0.8.3"
source = "registry+https://github.com/rust-lang/crates.io-index"
checksum = "fa7a782938e745763fe6907fc6ba86946d72f49fe7e21de074e08128a99fb018"
dependencies = [
 "cfg-if",
 "instant",
 "libc",
 "redox_syscall",
 "smallvec",
 "winapi 0.3.9",
]

[[package]]
name = "pkg-config"
version = "0.3.14"
source = "registry+https://github.com/rust-lang/crates.io-index"
checksum = "676e8eb2b1b4c9043511a9b7bea0915320d7e502b0a079fb03f9635a5252b18c"

[[package]]
name = "png"
version = "0.11.0"
source = "registry+https://github.com/rust-lang/crates.io-index"
checksum = "f0b0cabbbd20c2d7f06dbf015e06aad59b6ca3d9ed14848783e98af9aaf19925"
dependencies = [
 "bitflags",
 "deflate",
 "inflate",
 "num-iter",
]

[[package]]
name = "proc-macro2"
version = "1.0.24"
source = "registry+https://github.com/rust-lang/crates.io-index"
checksum = "1e0704ee1a7e00d7bb417d0770ea303c1bccbabf0ef1667dae92b5967f5f8a71"
dependencies = [
 "unicode-xid",
]

[[package]]
name = "quote"
version = "1.0.9"
source = "registry+https://github.com/rust-lang/crates.io-index"
checksum = "c3d0b9745dc2debf507c8422de05d7226cc1f0644216dfdfead988f9b1ab32a7"
dependencies = [
 "proc-macro2",
]

[[package]]
name = "rayon"
version = "1.5.0"
source = "registry+https://github.com/rust-lang/crates.io-index"
checksum = "8b0d8e0819fadc20c74ea8373106ead0600e3a67ef1fe8da56e39b9ae7275674"
dependencies = [
 "autocfg",
 "crossbeam-deque",
 "either",
 "rayon-core",
]

[[package]]
name = "rayon-core"
version = "1.9.0"
source = "registry+https://github.com/rust-lang/crates.io-index"
checksum = "9ab346ac5921dc62ffa9f89b7a773907511cdfa5490c572ae9be1be33e8afa4a"
dependencies = [
 "crossbeam-channel",
 "crossbeam-deque",
 "crossbeam-utils",
 "lazy_static 1.4.0",
 "num_cpus",
]

[[package]]
name = "redox_syscall"
version = "0.2.5"
source = "registry+https://github.com/rust-lang/crates.io-index"
checksum = "94341e4e44e24f6b591b59e47a8a027df12e008d73fd5672dbea9cc22f4507d9"
dependencies = [
 "bitflags",
]

[[package]]
name = "rscam"
version = "0.5.5"
source = "registry+https://github.com/rust-lang/crates.io-index"
checksum = "89056084211cd54924fedf2e2199b906409d1f795cfd8e7e3271061742457018"
dependencies = [
 "libc",
]

[[package]]
name = "scoped_threadpool"
version = "0.1.9"
source = "registry+https://github.com/rust-lang/crates.io-index"
checksum = "1d51f5df5af43ab3f1360b429fa5e0152ac5ce8c0bd6485cae490332e96846a8"

[[package]]
name = "scopeguard"
version = "1.1.0"
source = "registry+https://github.com/rust-lang/crates.io-index"
checksum = "d29ab0c6d3fc0ee92fe66e2d99f700eab17a8d57d1c1d3b748380fb20baa78cd"

[[package]]
name = "serde"
version = "1.0.120"
source = "registry+https://github.com/rust-lang/crates.io-index"
checksum = "166b2349061381baf54a58e4b13c89369feb0ef2eaa57198899e2312aac30aab"
dependencies = [
 "serde_derive",
]

[[package]]
name = "serde_derive"
version = "1.0.120"
source = "registry+https://github.com/rust-lang/crates.io-index"
checksum = "0ca2a8cb5805ce9e3b95435e3765b7b553cecc762d938d409434338386cb5775"
dependencies = [
 "proc-macro2",
 "quote",
 "syn",
]

[[package]]
name = "signal-hook"
version = "0.1.17"
source = "registry+https://github.com/rust-lang/crates.io-index"
checksum = "7e31d442c16f047a671b5a71e2161d6e68814012b7f5379d269ebd915fac2729"
dependencies = [
 "libc",
 "mio",
 "signal-hook-registry",
]

[[package]]
name = "signal-hook-registry"
version = "1.3.0"
source = "registry+https://github.com/rust-lang/crates.io-index"
checksum = "16f1d0fef1604ba8f7a073c7e701f213e056707210e9020af4528e0101ce11a6"
dependencies = [
 "libc",
]

[[package]]
name = "smallvec"
version = "1.6.1"
source = "registry+https://github.com/rust-lang/crates.io-index"
checksum = "fe0f37c9e8f3c5a4a66ad655a93c74daac4ad00c441533bf5c6e7990bb42604e"

[[package]]
name = "socket2"
version = "0.3.19"
source = "registry+https://github.com/rust-lang/crates.io-index"
checksum = "122e570113d28d773067fab24266b66753f6ea915758651696b6e35e49f88d6e"
dependencies = [
 "cfg-if",
 "libc",
 "winapi 0.3.9",
]

[[package]]
name = "syn"
version = "1.0.60"
source = "registry+https://github.com/rust-lang/crates.io-index"
checksum = "c700597eca8a5a762beb35753ef6b94df201c81cca676604f547495a0d7f0081"
dependencies = [
 "proc-macro2",
 "quote",
 "unicode-xid",
]

[[package]]
name = "terminal-screen-share"
version = "0.1.0"
dependencies = [
 "bincode",
 "camera_capture",
 "chrono",
 "crossterm 0.19.0",
 "image",
 "serde",
 "tui",
]

[[package]]
name = "time"
version = "0.1.44"
source = "registry+https://github.com/rust-lang/crates.io-index"
checksum = "6db9e6914ab8b1ae1c260a4ae7a49b6c5611b40328a735b21862567685e73255"
dependencies = [
 "libc",
 "wasi",
 "winapi 0.3.9",
]

[[package]]
name = "tui"
version = "0.14.0"
source = "registry+https://github.com/rust-lang/crates.io-index"
checksum = "9ced152a8e9295a5b168adc254074525c17ac4a83c90b2716274cc38118bddc9"
dependencies = [
 "bitflags",
 "cassowary",
 "crossterm 0.18.2",
 "unicode-segmentation",
 "unicode-width",
]

[[package]]
name = "unicode-segmentation"
version = "1.7.1"
source = "registry+https://github.com/rust-lang/crates.io-index"
checksum = "bb0d2e7be6ae3a5fa87eed5fb451aff96f2573d2694942e40543ae0bbe19c796"

[[package]]
name = "unicode-width"
version = "0.1.8"
source = "registry+https://github.com/rust-lang/crates.io-index"
checksum = "9337591893a19b88d8d87f2cec1e73fad5cdfd10e5a6f349f498ad6ea2ffb1e3"

[[package]]
name = "unicode-xid"
version = "0.2.1"
source = "registry+https://github.com/rust-lang/crates.io-index"
checksum = "f7fe0bb3479651439c9112f72b6c505038574c9fbb575ed1bf3b797fa39dd564"

[[package]]
name = "wasi"
version = "0.10.0+wasi-snapshot-preview1"
source = "registry+https://github.com/rust-lang/crates.io-index"
checksum = "1a143597ca7c7793eff794def352d41792a93c481eb1042423ff7ff72ba2c31f"

[[package]]
name = "winapi"
version = "0.2.8"
source = "registry+https://github.com/rust-lang/crates.io-index"
checksum = "167dc9d6949a9b857f3451275e911c3f44255842c1f7a76f33c55103a909087a"

[[package]]
name = "winapi"
version = "0.3.9"
source = "registry+https://github.com/rust-lang/crates.io-index"
checksum = "5c839a674fcd7a98952e593242ea400abe93992746761e38641405d28b00f419"
dependencies = [
 "winapi-i686-pc-windows-gnu",
 "winapi-x86_64-pc-windows-gnu",
]

[[package]]
name = "winapi-build"
version = "0.1.1"
source = "registry+https://github.com/rust-lang/crates.io-index"
checksum = "2d315eee3b34aca4797b2da6b13ed88266e6d612562a0c46390af8299fc699bc"

[[package]]
name = "winapi-i686-pc-windows-gnu"
version = "0.4.0"
source = "registry+https://github.com/rust-lang/crates.io-index"
checksum = "ac3b87c63620426dd9b991e5ce0329eff545bccbbb34f3be09ff6fb6ab51b7b6"

[[package]]
name = "winapi-x86_64-pc-windows-gnu"
version = "0.4.0"
source = "registry+https://github.com/rust-lang/crates.io-index"
checksum = "712e227841d057c1ee1cd2fb22fa7e5a5461ae8e48fa2ca79ec42cfc1931183f"
